# This file is automatically @generated by Cargo.
# It is not intended for manual editing.
[[package]]
name = "arbitrary"
version = "0.4.4"
source = "registry+https://github.com/rust-lang/crates.io-index"
checksum = "c5eb01a9ab8a3369f2f7632b9461c34f5920bd454774bab5b9fc6744f21d6143"

[[package]]
name = "cc"
version = "1.0.52"
source = "registry+https://github.com/rust-lang/crates.io-index"
checksum = "c3d87b23d6a92cd03af510a5ade527033f6aa6fa92161e2d5863a907d4c5e31d"

[[package]]
name = "imperative"
version = "0.1.0"
dependencies = [
 "imperative-derive",
]

[[package]]
name = "imperative-derive"
version = "0.1.0"
dependencies = [
 "lazy_static",
 "proc-macro2",
 "quote",
 "syn",
]

[[package]]
name = "imperative-fuzz"
version = "0.0.0"
dependencies = [
 "imperative",
 "libfuzzer-sys",
]

[[package]]
name = "lazy_static"
version = "1.4.0"
source = "registry+https://github.com/rust-lang/crates.io-index"
checksum = "e2abad23fbc42b3700f2f279844dc832adb2b2eb069b2df918f455c4e18cc646"

[[package]]
name = "libfuzzer-sys"
version = "0.3.2"
source = "registry+https://github.com/rust-lang/crates.io-index"
checksum = "8d718794b8e23533b9069bd2c4597d69e41cc7ab1c02700a502971aca0cdcf24"
dependencies = [
 "arbitrary",
 "cc",
]

[[package]]
name = "proc-macro2"
version = "1.0.12"
source = "registry+https://github.com/rust-lang/crates.io-index"
checksum = "8872cf6f48eee44265156c111456a700ab3483686b3f96df4cf5481c89157319"
dependencies = [
 "unicode-xid",
]

[[package]]
name = "quote"
version = "1.0.4"
source = "registry+https://github.com/rust-lang/crates.io-index"
checksum = "4c1f4b0efa5fc5e8ceb705136bfee52cfdb6a4e3509f770b478cd6ed434232a7"
dependencies = [
 "proc-macro2",
]

[[package]]
name = "syn"
version = "1.0.19"
source = "registry+https://github.com/rust-lang/crates.io-index"
checksum = "e8e5aa70697bb26ee62214ae3288465ecec0000f05182f039b477001f08f5ae7"
dependencies = [
 "proc-macro2",
 "quote",
 "unicode-xid",
]

[[package]]
name = "unicode-xid"
version = "0.2.0"
source = "registry+https://github.com/rust-lang/crates.io-index"
checksum = "826e7639553986605ec5979c7dd957c7895e93eabed50ab2ffa7f6128a75097c"
